
Microsoft Visual Studio Solution File, Format Version 12.00
# Visual Studio 2013
VisualStudioVersion = 12.0.30723.0
MinimumVisualStudioVersion = 10.0.40219.1
Project("{8BC9CEB8-8B4A-11D0-8D11-00A0C91BC942}") = "MathLib", "MathLib\MathLib.vcxproj", "{A932E65A-60DC-417A-9DF1-484FB279DED4}"
EndProject
Project("{8BC9CEB8-8B4A-11D0-8D11-00A0C91BC942}") = "MathLibTest", "MathLibTest\MathLibTest.vcxproj", "{E3F16F24-916A-41CA-B4B4-D6433CB48722}"
EndProject
Global
	GlobalSection(SolutionConfigurationPlatforms) = preSolution
		Debug|Win32 = Debug|Win32
		Release|Win32 = Release|Win32
	EndGlobalSection
	GlobalSection(ProjectConfigurationPlatforms) = postSolution
		{A932E65A-60DC-417A-9DF1-484FB279DED4}.Debug|Win32.ActiveCfg = Debug|Win32
		{A932E65A-60DC-417A-9DF1-484FB279DED4}.Debug|Win32.Build.0 = Debug|Win32
		{A932E65A-60DC-417A-9DF1-484FB279DED4}.Release|Win32.ActiveCfg = Release|Win32
		{A932E65A-60DC-417A-9DF1-484FB279DED4}.Release|Win32.Build.0 = Release|Win32
		{E3F16F24-916A-41CA-B4B4-D6433CB48722}.Debug|Win32.ActiveCfg = Debug|Win32
		{E3F16F24-916A-41CA-B4B4-D6433CB48722}.Debug|Win32.Build.0 = Debug|Win32
		{E3F16F24-916A-41CA-B4B4-D6433CB48722}.Release|Win32.ActiveCfg = Release|Win32
		{E3F16F24-916A-41CA-B4B4-D6433CB48722}.Release|Win32.Build.0 = Release|Win32
	EndGlobalSection
	GlobalSection(SolutionProperties) = preSolution
		HideSolutionNode = FALSE
	EndGlobalSection
EndGlobal
